<Solution>
  <Project Path="eje 2/ejercicio 2.csproj" />
  <Project Path="ejer 10/ejercicioss 10.csproj" />
  <Project Path="ejercicio 3/ejercicio 3.csproj" />
  <Project Path="ejercicio 4/ejercicio 4.csproj" />
  <Project Path="ejercicio 5/ejercicio 5.csproj" />
  <Project Path="ejercicio 6/ejercicio 6.csproj" />
  <Project Path="ejercicio 7/ejercicio 7.csproj" />
  <Project Path="ejercicio 8/ejercicio 8.csproj" />
  <Project Path="ejercicio 9/ejercicio 9.csproj" />
  <Project Path="ejercicioss 11/ejercicioss 11.csproj" Id="512d067d-2fce-4259-a685-87ff1bd1e5a2" />
  <Project Path="ejercicioss 12/ejercicioss 12.csproj" Id="13476bb3-986d-42af-9d28-732de1509e90" />
  <Project Path="ejercicioss 13/ejercicioss 13.csproj" Id="7c6c972d-a639-4181-9b9a-b13457251cd8" />
  <Project Path="ejercicioss 14/ejercicioss 14.csproj" Id="6edee1a7-3186-4543-96c0-f3c3133fb3c1" />
  <Project Path="ejercicioss 15/ejercicioss 15.csproj" Id="e121770e-968f-4728-99c0-b2184d04f773" />
  <Project Path="ejercicioss 16/ejercicioss 16.csproj" Id="d9154469-17e8-467c-8df9-4310f6733c12" />
  <Project Path="ejercicioss 17/ejercicioss 17.csproj" Id="6d6a37b6-1f07-4e20-a224-2ec6a98ce384" />
  <Project Path="ejercicioss 18/ejercicioss 18.csproj" Id="2c9fbe61-1ff2-4c2c-b731-5fe550e26c1c" />
  <Project Path="ejercicioss 19/ejercicioss 19.csproj" Id="d9b41a24-2726-465d-b39a-cbde0f483400" />
  <Project Path="ejerciciosss 20/ejerciciosss 20.csproj" Id="02e39aec-7930-452c-8404-d671d9121c9b" />
  <Project Path="ejerciciosss 21/ejerciciosss 21.csproj" Id="40f30fc7-f49b-4e14-90af-87213e271004" />
  <Project Path="ejerciciosss 22/ejerciciosss 22.csproj" Id="cf691565-f22e-4b12-8b81-63158aced374" />
  <Project Path="ejerciciosss 23/ejerciciosss 23.csproj" Id="2ce93540-8de5-432f-a60e-4c8fecdaa3f9" />
  <Project Path="ejerciciosss 24/ejerciciosss 24.csproj" Id="ba1bf63d-ca29-4e73-a06d-9beace80ebab" />
  <Project Path="ejerciciosss 25/ejerciciosss 25.csproj" Id="7d7437b9-53a4-4b1b-be80-79dadf0360dc" />
  <Project Path="ejerciciosss 26/ejerciciosss 26.csproj" Id="02564589-558b-4b36-8bfe-38686e452fd6" />
  <Project Path="ejerciciosss 27/ejerciciosss 27.csproj" Id="d05589d4-556e-4369-bcf9-74f2804a7fba" />
  <Project Path="ejerciciosss 28/ejerciciosss 28.csproj" Id="6ec70100-52c6-4dc7-a4cc-607a82762cfb" />
  <Project Path="ejerciciosss 29/ejerciciosss 29.csproj" Id="cfa6777e-408e-41f0-a60d-852b1c52ad65" />
  <Project Path="ejerciciosss 30/ejerciciosss 30.csproj" Id="86b76ccd-ca0c-47e2-8bae-37d578643d13" />
  <Project Path="ejerciciossss 31/ejerciciossss 31.csproj" Id="5e706991-207a-463a-981f-409b2407b259" />
  <Project Path="ejerciciossss 32/ejerciciossss 32.csproj" Id="21e589a8-f1d2-424d-8d02-8a6e971e62fc" />
  <Project Path="ejerciciossss 33/ejerciciossss 33.csproj" Id="5c800310-1fcc-4e48-a069-fda5049a25e7" />
  <Project Path="ejerciciossss 34/ejerciciossss 34.csproj" Id="542373c7-438d-4825-831e-033c71f717cb" />
  <Project Path="ejerciciossss 35/ejerciciossss 35.csproj" Id="dd37ebe0-1b82-4f08-9d83-b1b725c526c3" />
  <Project Path="ejerciciossss 36/ejerciciossss 36.csproj" Id="154ddf0c-9d91-422e-b499-94a878d66ed1" />
  <Project Path="ejerciciossss 37/ejerciciossss 37.csproj" Id="de873140-c0a3-4fba-8d15-baa8563df900" />
  <Project Path="ejerciciossss 38/ejerciciossss 38.csproj" Id="d2da4674-f239-4576-83ef-6c89336050bc" />
  <Project Path="ejerciciossss 39/ejerciciossss 39.csproj" Id="ecef2369-47aa-414c-baeb-6caefb1a52b2" />
  <Project Path="ejerciciossss 40/ejerciciossss 40.csproj" Id="041f0cc7-5ef4-4d6f-9cdb-5a866f4dd632" />
  <Project Path="ejerciciossss 48/ejerciciosssss 48.csproj" Id="f2810a68-0d20-4f41-a8c3-bd6d060a44e1" />
  <Project Path="ejerciciosssss 41/ejerciciosssss 41.csproj" Id="ec640594-191a-458c-92d3-c45f9a4daadb" />
  <Project Path="ejerciciosssss 42/ejerciciosssss 42.csproj" Id="2628f24d-556e-4aae-8fbc-94c00b7ede2f" />
  <Project Path="ejerciciosssss 43/ejerciciosssss 43.csproj" Id="699e7c0a-56c4-48b6-a800-77ffb40d6f6d" />
  <Project Path="ejerciciosssss 44/ejerciciosssss 44.csproj" Id="5ecf7929-cab0-42c3-a319-51989ae7270d" />
  <Project Path="ejerciciosssss 45/ejerciciosssss 45.csproj" Id="07ce6d47-57a0-446b-aa8f-8673ebde203e" />
  <Project Path="ejerciciosssss 46/ejerciciosssss 46.csproj" Id="688f70b5-fad1-40ea-bdb1-946cb46ea56e" />
  <Project Path="ejerciciosssss 47/ejerciciosssss 47.csproj" Id="6c63ad37-d592-4f85-9ee9-98652d798ffb" />
  <Project Path="ejerciciosssss 49/ejerciciosssss 49.csproj" Id="407c4ee1-51ec-45b2-a793-29b51e117e32" />
  <Project Path="ejerciciossssss 50/ejerciciossssss 50.csproj" Id="b1303eed-b0c6-4a7a-998f-e30b4f0acd56" />
  <Project Path="tarea 1/ejercicio 1.csproj" />
</Solution>
