<Solution>
  <Project Path="Actividad 10/ejercicio 1.csproj" />
  <Project Path="ejercicio 10/ejercicios 10.csproj" />
  <Project Path="ejercicio 2/ejercicio 2.csproj" />
  <Project Path="ejercicio 3/ejercicio 3.csproj" />
  <Project Path="ejercicio 4/ejercicio 4.csproj" />
  <Project Path="ejercicio 5/ejercicio 5.csproj" />
  <Project Path="ejercicio 6/ejercicio 6.csproj" />
  <Project Path="ejercicio 7/ejercicio 7.csproj" />
  <Project Path="ejercicio 8/ejercicio 8.csproj" />
  <Project Path="ejercicio 9/ejercicio 9.csproj" />
  <Project Path="ejercicios 11/ejercicios 11.csproj" />
  <Project Path="ejercicios 12/ejercicios 12.csproj" />
  <Project Path="ejercicios 13/ejercicios 13.csproj" />
  <Project Path="ejercicios 14/ejercicios 14.csproj" />
  <Project Path="ejercicios 15/ejercicios 15.csproj" />
  <Project Path="ejercicios 16/ejercicios 16.csproj" />
  <Project Path="ejercicios 17/ejercicios 17.csproj" />
  <Project Path="ejercicios 18/ejercicios 18.csproj" />
  <Project Path="ejercicios 19/ejercicios 19.csproj" />
  <Project Path="ejercicios 20/ejercicios 20.csproj" />
  <Project Path="ejercicios 32/ejerciciosss 32.csproj" />
  <Project Path="ejercicios 37/ejerciciosss 37.csproj" />
  <Project Path="ejercicios 38/ejerciciosss 38.csproj" />
  <Project Path="ejercicioss 21/ejercicioss 21.csproj" />
  <Project Path="ejercicioss 22/ejercicioss 22.csproj" />
  <Project Path="ejercicioss 23/ejercicioss 23.csproj" />
  <Project Path="ejercicioss 24/ejercicioss 24.csproj" />
  <Project Path="ejercicioss 25/ejercicioss 25.csproj" />
  <Project Path="ejercicioss 26/ejercicioss 26.csproj" />
  <Project Path="ejercicioss 27/ejercicioss 27.csproj" />
  <Project Path="ejercicioss 28/ejercicioss 28.csproj" />
  <Project Path="ejercicioss 29/ejercicioss 29.csproj" />
  <Project Path="ejerciciosss 30/ejerciciosss 30.csproj" />
  <Project Path="ejerciciosss 31/ejerciciosss 31.csproj" />
  <Project Path="ejerciciosss 33/ejerciciosss 33.csproj" />
  <Project Path="ejerciciosss 34/ejerciciosss 34.csproj" />
  <Project Path="ejerciciosss 35/ejerciciosss 35.csproj" />
  <Project Path="ejerciciosss 36/ejerciciosss 36.csproj" />
  <Project Path="ejerciciosss 39/ejerciciosss 39.csproj" />
  <Project Path="ejerciciosss 40/ejerciciosss 40.csproj" />
  <Project Path="ejerciciossss 41/ejerciciossss 41.csproj" />
  <Project Path="ejerciciossss 42/ejerciciossss 42.csproj" />
  <Project Path="ejerciciossss 43/ejerciciossss 43.csproj" />
  <Project Path="ejerciciossss 44/ejerciciossss 44.csproj" />
  <Project Path="ejerciciossss 45/ejerciciossss 45.csproj" />
  <Project Path="ejerciciossss 46/ejerciciossss 46.csproj" />
  <Project Path="ejerciciossss 47/ejerciciossss 47.csproj" />
  <Project Path="ejerciciossss 48/ejerciciossss 48.csproj" />
  <Project Path="ejerciciossss 49/ejerciciossss 49.csproj" />
  <Project Path="ejerciciossss 50/ejerciciossss 50.csproj" />
  <Project Path="ejerciciosssss 51/ejerciciosssss 51.csproj" />
  <Project Path="ejerciciosssss 53/ejerciciosssss 53.csproj" />
  <Project Path="ejerciciosssss 54/ejerciciosssss 54.csproj" />
  <Project Path="ejerciciosssss 55/ejerciciosssss 55.csproj" />
  <Project Path="ejerciciosssss 56/ejerciciosssss 56.csproj" />
  <Project Path="ejerciciosssss 57/ejerciciosssss 57.csproj" />
  <Project Path="ejerciciosssss 58/ejerciciosssss 58.csproj" />
  <Project Path="ejerciciosssss/ejerciciosssss 52.csproj" />
  <Project Path="ejerciciosssss59/ejerciciosssss 59.csproj" Id="43c539b3-f2ef-463e-b7a0-46c9a0d793de" />
  <Project Path="ejerciciossssss 60/ejerciciossssss 60.csproj" Id="57836234-0c05-4dd1-83ef-05c4dbe39f0a" />
  <Project Path="ejerciciossssss 61/ejerciciossssss 61.csproj" Id="4a49bd49-55d5-4b1f-b5be-fcead50c4557" />
  <Project Path="ejerciciossssss 62/ejerciciossssss 62.csproj" Id="f1c7f4b5-422b-4020-86bd-50da9158924c" />
  <Project Path="ejerciciossssss 63/ejerciciossssss 63.csproj" Id="0c9fd007-20a1-42de-8483-d2c6f2d29c22" />
  <Project Path="ejerciciossssss 64/ejerciciossssss 64.csproj" Id="e256d43a-6dd6-4ea8-910d-30e966a86fdd" />
  <Project Path="ejerciciossssss 65/ejerciciossssss 65.csproj" Id="18d6a146-c06f-4e53-a9a6-59bb0b759ecd" />
  <Project Path="ejerciciossssss 66/ejerciciossssss 66.csproj" Id="79224db7-8efd-43c8-95b6-2853944b8a40" />
  <Project Path="ejerciciossssss 67/ejerciciossssss 67.csproj" Id="cf166469-a4b9-480a-ac9f-8084cbb598f9" />
  <Project Path="ejerciciossssss 68/ejerciciossssss 68.csproj" Id="d31125c1-22db-4816-9222-b9c9c5e29831" />
  <Project Path="ejerciciossssss 69/ejerciciossssss 69.csproj" Id="f10a12d6-95a2-4282-8abf-1d7122e2717c" />
  <Project Path="ejerciciosssssss 70/ejerciciosssssss 70.csproj" Id="4af1e452-4c51-48cc-b27c-4fa89613cab1" />
  <Project Path="ejerciciosssssss 71/ejerciciosssssss 71.csproj" Id="734d70b4-094f-4d9e-88e8-1b0896ee7092" />
  <Project Path="ejerciciosssssss 72/ejerciciosssssss 72.csproj" Id="e658b262-e916-4f49-bc1d-0f35ec7a8031" />
  <Project Path="ejerciciosssssss 74/ejerciciosssssss 74.csproj" Id="70863a59-9f4a-4a87-8a67-4b306b64d409" />
  <Project Path="ejerciciosssssss 75/ejerciciosssssss 75.csproj" Id="4f4d2cd8-7171-490d-b489-b8f05a4bdd3a" />
  <Project Path="ejerciciosssssss 76/ejerciciosssssss 76.csproj" Id="1830a673-82e5-4a3a-8e62-a48dcec10d60" />
  <Project Path="ejerciciosssssss 77/ejerciciosssssss 77.csproj" Id="e29488de-3339-417c-b835-89e73cfdea15" />
  <Project Path="ejerciciosssssss 78/ejerciciosssssss 78.csproj" Id="ceaab25c-4200-4d52-9d59-0c8589350de8" />
  <Project Path="ejerciciosssssss 79/ejerciciosssssss 79.csproj" Id="c659b188-3a49-45bb-b272-ff2073720e6a" />
  <Project Path="ejerciciossssssss 80/ejerciciossssssss 80.csproj" Id="2ba56c2d-fd3b-49b2-b080-5f5dd3579d24" />
  <Project Path="ejerciciossssssss 81/ejerciciossssssss 81.csproj" Id="619490b4-6960-4cb6-a7fd-ce62b068dbdb" />
  <Project Path="ejerciciossssssss 82/ejerciciossssssss 82.csproj" Id="d4a16842-7d24-4949-bf31-5c57db4a1afd" />
  <Project Path="ejerciciossssssss 83/ejerciciossssssss 83.csproj" Id="0059df76-740a-4e44-8a27-a166c5cf2493" />
  <Project Path="ejerciciossssssss 84/ejerciciossssssss 84.csproj" Id="0a073aba-83a5-43a4-a7ef-75b9f469f672" />
  <Project Path="ejerciciossssssss 85/ejerciciossssssss 85.csproj" Id="84532fc6-72a6-4329-805e-e58c5b5f38df" />
  <Project Path="ejerciciossssssss 86/ejerciciossssssss 86.csproj" Id="ac5f250c-2bf1-46d9-a161-8ad2e4b80617" />
  <Project Path="ejerciciossssssss 87/ejerciciossssssss 87.csproj" Id="9e277813-87e7-4949-b8c2-623dea6463b2" />
  <Project Path="ejerciciossssssss 88/ejerciciossssssss 88.csproj" Id="7f2255a4-9574-4911-81c9-a3fa3f79dc3c" />
  <Project Path="ejerciciossssssss 89/ejerciciossssssss 89.csproj" Id="5d20ef38-8d35-4cee-abde-118a86d296ca" />
  <Project Path="ejerciciosssssssss 90/ejerciciosssssssss 90.csproj" Id="e74f3e66-afa5-4b61-b7a6-f1f5c96bc129" />
  <Project Path="ejerciciosssssssss 91/ejerciciosssssssss 91.csproj" Id="c4e2beaa-eca2-4ff1-b382-6e88c1fe88e6" />
  <Project Path="ejerciciosssssssss 92/ejerciciosssssssss 92.csproj" Id="93456d48-f12a-4873-9e25-4a145550b61b" />
  <Project Path="ejerciciosssssssss 93/ejerciciosssssssss 93.csproj" Id="d5270ced-d104-43c9-81c1-f66a5e7c3033" />
  <Project Path="ejerciciosssssssss 94/ejerciciosssssssss 94.csproj" Id="4d360bc4-8dc6-4726-ac61-df48810a1286" />
  <Project Path="ejerciciosssssssss 95/ejerciciosssssssss 95.csproj" Id="67253db5-bb5c-4b88-ad91-6cafa67a9ef4" />
  <Project Path="ejerciciosssssssss 96/ejerciciosssssssss 96.csproj" Id="fa383122-027a-4aad-99ab-407071535b8b" />
  <Project Path="ejerciciosssssssss 97/ejerciciosssssssss 97.csproj" Id="3b36c169-13a4-46ac-8736-cbbbf163f58c" />
  <Project Path="ejerciciosssssssss 98/ejerciciosssssssss 98.csproj" Id="fd531d53-0413-4dde-a577-ab90dd681fec" />
  <Project Path="ejerciciosssssssss 99/ejerciciosssssssss 99.csproj" Id="0bd1361a-2696-4122-ab4c-a6c69f5c3f15" />
  <Project Path="ejerciciossssssssss 100/ejerciciossssssssss 100.csproj" Id="487ebf6f-6b42-4660-81e1-39753c744962" />
  <Project Path="jerciciosssssss 73/ejerciciossssssss 73.csproj" Id="fe7d72c6-126b-4a7c-aba7-e77538296974" />
</Solution>
